// !$*UTF8*$!
{
	archiveVersion = 1;
	classes = {
	};
	objectVersion = 46;
	objects = {

/* Begin PBXBuildFile section */
		250B72721D61072D00D56951 /* AppDelegate.swift in Sources */ = {isa = PBXBuildFile; fileRef = 250B72711D61072D00D56951 /* AppDelegate.swift */; };
		250B72741D61072D00D56951 /* ViewController.swift in Sources */ = {isa = PBXBuildFile; fileRef = 250B72731D61072D00D56951 /* ViewController.swift */; };
		250B72771D61072D00D56951 /* Main.storyboard in Resources */ = {isa = PBXBuildFile; fileRef = 250B72751D61072D00D56951 /* Main.storyboard */; };
		250B72791D61072E00D56951 /* Assets.xcassets in Resources */ = {isa = PBXBuildFile; fileRef = 250B72781D61072E00D56951 /* Assets.xcassets */; };
		250B727C1D61072E00D56951 /* LaunchScreen.storyboard in Resources */ = {isa = PBXBuildFile; fileRef = 250B727A1D61072E00D56951 /* LaunchScreen.storyboard */; };
		250B72871D61072E00D56951 /* Week1Tests.swift in Sources */ = {isa = PBXBuildFile; fileRef = 250B72861D61072E00D56951 /* Week1Tests.swift */; };
		250B72921D61072E00D56951 /* Week1UITests.swift in Sources */ = {isa = PBXBuildFile; fileRef = 250B72911D61072E00D56951 /* Week1UITests.swift */; };
/* End PBXBuildFile section */

/* Begin PBXContainerItemProxy section */
		250B72831D61072E00D56951 /* PBXContainerItemProxy */ = {
			isa = PBXContainerItemProxy;
			containerPortal = 250B72661D61072D00D56951 /* Project object */;
			proxyType = 1;
			remoteGlobalIDString = 250B726D1D61072D00D56951;
			remoteInfo = Week1;
		};
		250B728E1D61072E00D56951 /* PBXContainerItemProxy */ = {
			isa = PBXContainerItemProxy;
			containerPortal = 250B72661D61072D00D56951 /* Project object */;
			proxyType = 1;
			remoteGlobalIDString = 250B726D1D61072D00D56951;
			remoteInfo = Week1;
		};
/* End PBXContainerItemProxy section */

/* Begin PBXFileReference section */
		250B726E1D61072D00D56951 /* Week1.app */ = {isa = PBXFileReference; explicitFileType = wrapper.application; includeInIndex = 0; path = Week1.app; sourceTree = BUILT_PRODUCTS_DIR; };
		250B72711D61072D00D56951 /* AppDelegate.swift */ = {isa = PBXFileReference; lastKnownFileType = sourcecode.swift; path = AppDelegate.swift; sourceTree = "<group>"; };
		250B72731D61072D00D56951 /* ViewController.swift */ = {isa = PBXFileReference; lastKnownFileType = sourcecode.swift; path = ViewController.swift; sourceTree = "<group>"; };
		250B72761D61072D00D56951 /* Base */ = {isa = PBXFileReference; lastKnownFileType = file.storyboard; name = Base; path = Base.lproj/Main.storyboard; sourceTree = "<group>"; };
		250B72781D61072E00D56951 /* Assets.xcassets */ = {isa = PBXFileReference; lastKnownFileType = folder.assetcatalog; path = Assets.xcassets; sourceTree = "<group>"; };
		250B727B1D61072E00D56951 /* Base */ = {isa = PBXFileReference; lastKnownFileType = file.storyboard; name = Base; path = Base.lproj/LaunchScreen.storyboard; sourceTree = "<group>"; };
		250B727D1D61072E00D56951 /* Info.plist */ = {isa = PBXFileReference; lastKnownFileType = text.plist.xml; path = Info.plist; sourceTree = "<group>"; };
		250B72821D61072E00D56951 /* Week1Tests.xctest */ = {isa = PBXFileReference; explicitFileType = wrapper.cfbundle; includeInIndex = 0; path = Week1Tests.xctest; sourceTree = BUILT_PRODUCTS_DIR; };
		250B72861D61072E00D56951 /* Week1Tests.swift */ = {isa = PBXFileReference; lastKnownFileType = sourcecode.swift; path = Week1Tests.swift; sourceTree = "<group>"; };
		250B72881D61072E00D56951 /* Info.plist */ = {isa = PBXFileReference; lastKnownFileType = text.plist.xml; path = Info.plist; sourceTree = "<group>"; };
		250B728D1D61072E00D56951 /* Week1UITests.xctest */ = {isa = PBXFileReference; explicitFileType = wrapper.cfbundle; includeInIndex = 0; path = Week1UITests.xctest; sourceTree = BUILT_PRODUCTS_DIR; };
		250B72911D61072E00D56951 /* Week1UITests.swift */ = {isa = PBXFileReference; lastKnownFileType = sourcecode.swift; path = Week1UITests.swift; sourceTree = "<group>"; };
		250B72931D61072E00D56951 /* Info.plist */ = {isa = PBXFileReference; lastKnownFileType = text.plist.xml; path = Info.plist; sourceTree = "<group>"; };
/* End PBXFileReference section */

/* Begin PBXFrameworksBuildPhase section */
		250B726B1D61072D00D56951 /* Frameworks */ = {
			isa = PBXFrameworksBuildPhase;
			buildActionMask = 2147483647;
			files = (
			);
			runOnlyForDeploymentPostprocessing = 0;
		};
		250B727F1D61072E00D56951 /* Frameworks */ = {
			isa = PBXFrameworksBuildPhase;
			buildActionMask = 2147483647;
			files = (
			);
			runOnlyForDeploymentPostprocessing = 0;
		};
		250B728A1D61072E00D56951 /* Frameworks */ = {
			isa = PBXFrameworksBuildPhase;
			buildActionMask = 2147483647;
			files = (
			);
			runOnlyForDeploymentPostprocessing = 0;
		};
/* End PBXFrameworksBuildPhase section */

/* Begin PBXGroup section */
		250B72651D61072D00D56951 = {
			isa = PBXGroup;
			children = (
				250B72701D61072D00D56951 /* Week1 */,
				250B72851D61072E00D56951 /* Week1Tests */,
				250B72901D61072E00D56951 /* Week1UITests */,
				250B726F1D61072D00D56951 /* Products */,
			);
			sourceTree = "<group>";
		};
		250B726F1D61072D00D56951 /* Products */ = {
			isa = PBXGroup;
			children = (
				250B726E1D61072D00D56951 /* Week1.app */,
				250B72821D61072E00D56951 /* Week1Tests.xctest */,
				250B728D1D61072E00D56951 /* Week1UITests.xctest */,
			);
			name = Products;
			sourceTree = "<group>";
		};
		250B72701D61072D00D56951 /* Week1 */ = {
			isa = PBXGroup;
			children = (
				250B72711D61072D00D56951 /* AppDelegate.swift */,
				250B72731D61072D00D56951 /* ViewController.swift */,
				250B72751D61072D00D56951 /* Main.storyboard */,
				250B72781D61072E00D56951 /* Assets.xcassets */,
				250B727A1D61072E00D56951 /* LaunchScreen.storyboard */,
				250B727D1D61072E00D56951 /* Info.plist */,
			);
			path = Week1;
			sourceTree = "<group>";
		};
		250B72851D61072E00D56951 /* Week1Tests */ = {
			isa = PBXGroup;
			children = (
				250B72861D61072E00D56951 /* Week1Tests.swift */,
				250B72881D61072E00D56951 /* Info.plist */,
			);
			path = Week1Tests;
			sourceTree = "<group>";
		};
		250B72901D61072E00D56951 /* Week1UITests */ = {
			isa = PBXGroup;
			children = (
				250B72911D61072E00D56951 /* Week1UITests.swift */,
				250B72931D61072E00D56951 /* Info.plist */,
			);
			path = Week1UITests;
			sourceTree = "<group>";
		};
/* End PBXGroup section */

/* Begin PBXNativeTarget section */
		250B726D1D61072D00D56951 /* Week1 */ = {
			isa = PBXNativeTarget;
			buildConfigurationList = 250B72961D61072E00D56951 /* Build configuration list for PBXNativeTarget "Week1" */;
			buildPhases = (
				250B726A1D61072D00D56951 /* Sources */,
				250B726B1D61072D00D56951 /* Frameworks */,
				250B726C1D61072D00D56951 /* Resources */,
			);
			buildRules = (
			);
			dependencies = (
			);
			name = Week1;
			productName = Week1;
			productReference = 250B726E1D61072D00D56951 /* Week1.app */;
			productType = "com.apple.product-type.application";
		};
		250B72811D61072E00D56951 /* Week1Tests */ = {
			isa = PBXNativeTarget;
			buildConfigurationList = 250B72991D61072E00D56951 /* Build configuration list for PBXNativeTarget "Week1Tests" */;
			buildPhases = (
				250B727E1D61072E00D56951 /* Sources */,
				250B727F1D61072E00D56951 /* Frameworks */,
				250B72801D61072E00D56951 /* Resources */,
			);
			buildRules = (
			);
			dependencies = (
				250B72841D61072E00D56951 /* PBXTargetDependency */,
			);
			name = Week1Tests;
			productName = Week1Tests;
			productReference = 250B72821D61072E00D56951 /* Week1Tests.xctest */;
			productType = "com.apple.product-type.bundle.unit-test";
		};
		250B728C1D61072E00D56951 /* Week1UITests */ = {
			isa = PBXNativeTarget;
			buildConfigurationList = 250B729C1D61072E00D56951 /* Build configuration list for PBXNativeTarget "Week1UITests" */;
			buildPhases = (
				250B72891D61072E00D56951 /* Sources */,
				250B728A1D61072E00D56951 /* Frameworks */,
				250B728B1D61072E00D56951 /* Resources */,
			);
			buildRules = (
			);
			dependencies = (
				250B728F1D61072E00D56951 /* PBXTargetDependency */,
			);
			name = Week1UITests;
			productName = Week1UITests;
			productReference = 250B728D1D61072E00D56951 /* Week1UITests.xctest */;
			productType = "com.apple.product-type.bundle.ui-testing";
		};
/* End PBXNativeTarget section */

/* Begin PBXProject section */
		250B72661D61072D00D56951 /* Project object */ = {
			isa = PBXProject;
			attributes = {
				LastUpgradeCheck = 0700;
				ORGANIZATIONNAME = Costar;
				TargetAttributes = {
					250B726D1D61072D00D56951 = {
						CreatedOnToolsVersion = 7.0;
					};
					250B72811D61072E00D56951 = {
						CreatedOnToolsVersion = 7.0;
						TestTargetID = 250B726D1D61072D00D56951;
					};
					250B728C1D61072E00D56951 = {
						CreatedOnToolsVersion = 7.0;
						TestTargetID = 250B726D1D61072D00D56951;
					};
				};
			};
			buildConfigurationList = 250B72691D61072D00D56951 /* Build configuration list for PBXProject "Week1" */;
			compatibilityVersion = "Xcode 3.2";
			developmentRegion = English;
			hasScannedForEncodings = 0;
			knownRegions = (
				en,
				Base,
			);
			mainGroup = 250B72651D61072D00D56951;
			productRefGroup = 250B726F1D61072D00D56951 /* Products */;
			projectDirPath = "";
			projectRoot = "";
			targets = (
				250B726D1D61072D00D56951 /* Week1 */,
				250B72811D61072E00D56951 /* Week1Tests */,
				250B728C1D61072E00D56951 /* Week1UITests */,
			);
		};
/* End PBXProject section */

/* Begin PBXResourcesBuildPhase section */
		250B726C1D61072D00D56951 /* Resources */ = {
			isa = PBXResourcesBuildPhase;
			buildActionMask = 2147483647;
			files = (
				250B727C1D61072E00D56951 /* LaunchScreen.storyboard in Resources */,
				250B72791D61072E00D56951 /* Assets.xcassets in Resources */,
				250B72771D61072D00D56951 /* Main.storyboard in Resources */,
			);
			runOnlyForDeploymentPostprocessing = 0;
		};
		250B72801D61072E00D56951 /* Resources */ = {
			isa = PBXResourcesBuildPhase;
			buildActionMask = 2147483647;
			files = (
			);
			runOnlyForDeploymentPostprocessing = 0;
		};
		250B728B1D61072E00D56951 /* Resources */ = {
			isa = PBXResourcesBuildPhase;
			buildActionMask = 2147483647;
			files = (
			);
			runOnlyForDeploymentPostprocessing = 0;
		};
/* End PBXResourcesBuildPhase section */

/* Begin PBXSourcesBuildPhase section */
		250B726A1D61072D00D56951 /* Sources */ = {
			isa = PBXSourcesBuildPhase;
			buildActionMask = 2147483647;
			files = (
				250B72741D61072D00D56951 /* ViewController.swift in Sources */,
				250B72721D61072D00D56951 /* AppDelegate.swift in Sources */,
			);
			runOnlyForDeploymentPostprocessing = 0;
		};
		250B727E1D61072E00D56951 /* Sources */ = {
			isa = PBXSourcesBuildPhase;
			buildActionMask = 2147483647;
			files = (
				250B72871D61072E00D56951 /* Week1Tests.swift in Sources */,
			);
			runOnlyForDeploymentPostprocessing = 0;
		};
		250B72891D61072E00D56951 /* Sources */ = {
			isa = PBXSourcesBuildPhase;
			buildActionMask = 2147483647;
			files = (
				250B72921D61072E00D56951 /* Week1UITests.swift in Sources */,
			);
			runOnlyForDeploymentPostprocessing = 0;
		};
/* End PBXSourcesBuildPhase section */

/* Begin PBXTargetDependency section */
		250B72841D61072E00D56951 /* PBXTargetDependency */ = {
			isa = PBXTargetDependency;
			target = 250B726D1D61072D00D56951 /* Week1 */;
			targetProxy = 250B72831D61072E00D56951 /* PBXContainerItemProxy */;
		};
		250B728F1D61072E00D56951 /* PBXTargetDependency */ = {
			isa = PBXTargetDependency;
			target = 250B726D1D61072D00D56951 /* Week1 */;
			targetProxy = 250B728E1D61072E00D56951 /* PBXContainerItemProxy */;
		};
/* End PBXTargetDependency section */

/* Begin PBXVariantGroup section */
		250B72751D61072D00D56951 /* Main.storyboard */ = {
			isa = PBXVariantGroup;
			children = (
				250B72761D61072D00D56951 /* Base */,
			);
			name = Main.storyboard;
			sourceTree = "<group>";
		};
		250B727A1D61072E00D56951 /* LaunchScreen.storyboard */ = {
			isa = PBXVariantGroup;
			children = (
				250B727B1D61072E00D56951 /* Base */,
			);
			name = LaunchScreen.storyboard;
			sourceTree = "<group>";
		};
/* End PBXVariantGroup section */

/* Begin XCBuildConfiguration section */
		250B72941D61072E00D56951 /* Debug */ = {
			isa = XCBuildConfiguration;
			buildSettings = {
				ALWAYS_SEARCH_USER_PATHS = NO;
				CLANG_CXX_LANGUAGE_STANDARD = "gnu++0x";
				CLANG_CXX_LIBRARY = "libc++";
				CLANG_ENABLE_MODULES = YES;
				CLANG_ENABLE_OBJC_ARC = YES;
				CLANG_WARN_BOOL_CONVERSION = YES;
				CLANG_WARN_CONSTANT_CONVERSION = YES;
				CLANG_WARN_DIRECT_OBJC_ISA_USAGE = YES_ERROR;
				CLANG_WARN_EMPTY_BODY = YES;
				CLANG_WARN_ENUM_CONVERSION = YES;
				CLANG_WARN_INT_CONVERSION = YES;
				CLANG_WARN_OBJC_ROOT_CLASS = YES_ERROR;
				CLANG_WARN_UNREACHABLE_CODE = YES;
				CLANG_WARN__DUPLICATE_METHOD_MATCH = YES;
				"CODE_SIGN_IDENTITY[sdk=iphoneos*]" = "iPhone Developer";
				COPY_PHASE_STRIP = NO;
				DEBUG_INFORMATION_FORMAT = dwarf;
				ENABLE_STRICT_OBJC_MSGSEND = YES;
				ENABLE_TESTABILITY = YES;
				GCC_C_LANGUAGE_STANDARD = gnu99;
				GCC_DYNAMIC_NO_PIC = NO;
				GCC_NO_COMMON_BLOCKS = YES;
				GCC_OPTIMIZATION_LEVEL = 0;
				GCC_PREPROCESSOR_DEFINITIONS = (
					"DEBUG=1",
					"$(inherited)",
				);
				GCC_WARN_64_TO_32_BIT_CONVERSION = YES;
				GCC_WARN_ABOUT_RETURN_TYPE = YES_ERROR;
				GCC_WARN_UNDECLARED_SELECTOR = YES;
				GCC_WARN_UNINITIALIZED_AUTOS = YES_AGGRESSIVE;
				GCC_WARN_UNUSED_FUNCTION = YES;
				GCC_WARN_UNUSED_VARIABLE = YES;
				IPHONEOS_DEPLOYMENT_TARGET = 9.0;
				MTL_ENABLE_DEBUG_INFO = YES;
				ONLY_ACTIVE_ARCH = YES;
				SDKROOT = iphoneos;
				SWIFT_OPTIMIZATION_LEVEL = "-Onone";
			};
			name = Debug;
		};
		250B72951D61072E00D56951 /* Release */ = {
			isa = XCBuildConfiguration;
			buildSettings = {
				ALWAYS_SEARCH_USER_PATHS = NO;
				CLANG_CXX_LANGUAGE_STANDARD = "gnu++0x";
				CLANG_CXX_LIBRARY = "libc++";
				CLANG_ENABLE_MODULES = YES;
				CLANG_ENABLE_OBJC_ARC = YES;
				CLANG_WARN_BOOL_CONVERSION = YES;
				CLANG_WARN_CONSTANT_CONVERSION = YES;
				CLANG_WARN_DIRECT_OBJC_ISA_USAGE = YES_ERROR;
				CLANG_WARN_EMPTY_BODY = YES;
				CLANG_WARN_ENUM_CONVERSION = YES;
				CLANG_WARN_INT_CONVERSION = YES;
				CLANG_WARN_OBJC_ROOT_CLASS = YES_ERROR;
				CLANG_WARN_UNREACHABLE_CODE = YES;
				CLANG_WARN__DUPLICATE_METHOD_MATCH = YES;
				"CODE_SIGN_IDENTITY[sdk=iphoneos*]" = "iPhone Developer";
				COPY_PHASE_STRIP = NO;
				DEBUG_INFORMATION_FORMAT = "dwarf-with-dsym";
				ENABLE_NS_ASSERTIONS = NO;
				ENABLE_STRICT_OBJC_MSGSEND = YES;
				GCC_C_LANGUAGE_STANDARD = gnu99;
				GCC_NO_COMMON_BLOCKS = YES;
				GCC_WARN_64_TO_32_BIT_CONVERSION = YES;
				GCC_WARN_ABOUT_RETURN_TYPE = YES_ERROR;
				GCC_WARN_UNDECLARED_SELECTOR = YES;
				GCC_WARN_UNINITIALIZED_AUTOS = YES_AGGRESSIVE;
				GCC_WARN_UNUSED_FUNCTION = YES;
				GCC_WARN_UNUSED_VARIABLE = YES;
				IPHONEOS_DEPLOYMENT_TARGET = 9.0;
				MTL_ENABLE_DEBUG_INFO = NO;
				SDKROOT = iphoneos;
				VALIDATE_PRODUCT = YES;
			};
			name = Release;
		};
		250B72971D61072E00D56951 /* Debug */ = {
			isa = XCBuildConfiguration;
			buildSettings = {
				ASSETCATALOG_COMPILER_APPICON_NAME = AppIcon;
				INFOPLIST_FILE = Week1/Info.plist;
				LD_RUNPATH_SEARCH_PATHS = "$(inherited) @executable_path/Frameworks";
				PRODUCT_BUNDLE_IDENTIFIER = com.costar.Week1;
				PRODUCT_NAME = "$(TARGET_NAME)";
			};
			name = Debug;
		};
		250B72981D61072E00D56951 /* Release */ = {
			isa = XCBuildConfiguration;
			buildSettings = {
				ASSETCATALOG_COMPILER_APPICON_NAME = AppIcon;
				INFOPLIST_FILE = Week1/Info.plist;
				LD_RUNPATH_SEARCH_PATHS = "$(inherited) @executable_path/Frameworks";
				PRODUCT_BUNDLE_IDENTIFIER = com.costar.Week1;
				PRODUCT_NAME = "$(TARGET_NAME)";
			};
			name = Release;
		};
		250B729A1D61072E00D56951 /* Debug */ = {
			isa = XCBuildConfiguration;
			buildSettings = {
				BUNDLE_LOADER = "$(TEST_HOST)";
				INFOPLIST_FILE = Week1Tests/Info.plist;
				LD_RUNPATH_SEARCH_PATHS = "$(inherited) @executable_path/Frameworks @loader_path/Frameworks";
				PRODUCT_BUNDLE_IDENTIFIER = com.costar.Week1Tests;
				PRODUCT_NAME = "$(TARGET_NAME)";
				TEST_HOST = "$(BUILT_PRODUCTS_DIR)/Week1.app/Week1";
			};
			name = Debug;
		};
		250B729B1D61072E00D56951 /* Release */ = {
			isa = XCBuildConfiguration;
			buildSettings = {
				BUNDLE_LOADER = "$(TEST_HOST)";
				INFOPLIST_FILE = Week1Tests/Info.plist;
				LD_RUNPATH_SEARCH_PATHS = "$(inherited) @executable_path/Frameworks @loader_path/Frameworks";
				PRODUCT_BUNDLE_IDENTIFIER = com.costar.Week1Tests;
				PRODUCT_NAME = "$(TARGET_NAME)";
				TEST_HOST = "$(BUILT_PRODUCTS_DIR)/Week1.app/Week1";
			};
			name = Release;
		};
		250B729D1D61072E00D56951 /* Debug */ = {
			isa = XCBuildConfiguration;
			buildSettings = {
				INFOPLIST_FILE = Week1UITests/Info.plist;
				LD_RUNPATH_SEARCH_PATHS = "$(inherited) @executable_path/Frameworks @loader_path/Frameworks";
				PRODUCT_BUNDLE_IDENTIFIER = com.costar.Week1UITests;
				PRODUCT_NAME = "$(TARGET_NAME)";
				TEST_TARGET_NAME = Week1;
				USES_XCTRUNNER = YES;
			};
			name = Debug;
		};
		250B729E1D61072E00D56951 /* Release */ = {
			isa = XCBuildConfiguration;
			buildSettings = {
				INFOPLIST_FILE = Week1UITests/Info.plist;
				LD_RUNPATH_SEARCH_PATHS = "$(inherited) @executable_path/Frameworks @loader_path/Frameworks";
				PRODUCT_BUNDLE_IDENTIFIER = com.costar.Week1UITests;
				PRODUCT_NAME = "$(TARGET_NAME)";
				TEST_TARGET_NAME = Week1;
				USES_XCTRUNNER = YES;
			};
			name = Release;
		};
/* End XCBuildConfiguration section */

/* Begin XCConfigurationList section */
		250B72691D61072D00D56951 /* Build configuration list for PBXProject "Week1" */ = {
			isa = XCConfigurationList;
			buildConfigurations = (
				250B72941D61072E00D56951 /* Debug */,
				250B72951D61072E00D56951 /* Release */,
			);
			defaultConfigurationIsVisible = 0;
			defaultConfigurationName = Release;
		};
		250B72961D61072E00D56951 /* Build configuration list for PBXNativeTarget "Week1" */ = {
			isa = XCConfigurationList;
			buildConfigurations = (
				250B72971D61072E00D56951 /* Debug */,
				250B72981D61072E00D56951 /* Release */,
			);
			defaultConfigurationIsVisible = 0;
		};
		250B72991D61072E00D56951 /* Build configuration list for PBXNativeTarget "Week1Tests" */ = {
			isa = XCConfigurationList;
			buildConfigurations = (
				250B729A1D61072E00D56951 /* Debug */,
				250B729B1D61072E00D56951 /* Release */,
			);
			defaultConfigurationIsVisible = 0;
		};
		250B729C1D61072E00D56951 /* Build configuration list for PBXNativeTarget "Week1UITests" */ = {
			isa = XCConfigurationList;
			buildConfigurations = (
				250B729D1D61072E00D56951 /* Debug */,
				250B729E1D61072E00D56951 /* Release */,
			);
			defaultConfigurationIsVisible = 0;
		};
/* End XCConfigurationList section */
	};
	rootObject = 250B72661D61072D00D56951 /* Project object */;
}
